
Microsoft Visual Studio Solution File, Format Version 12.00
# Visual Studio Version 17
VisualStudioVersion = 17.12.35707.178
MinimumVisualStudioVersion = 10.0.40219.1
Project("{FAE04EC0-301F-11D3-BF4B-00C04F79EFBC}") = "Tests", "Tests\Tests.csproj", "{D343A204-CD5A-428F-BDF9-AE28487B4027}"
EndProject
Project("{FAE04EC0-301F-11D3-BF4B-00C04F79EFBC}") = "NetSdrClient", "NetSdrClient\NetSdrClient.csproj", "{6D7CA8A4-9086-401C-9DBD-A7E59AFECA7B}"
EndProject
Global
	GlobalSection(SolutionConfigurationPlatforms) = preSolution
		Debug|Any CPU = Debug|Any CPU
		Release|Any CPU = Release|Any CPU
	EndGlobalSection
	GlobalSection(ProjectConfigurationPlatforms) = postSolution
		{D343A204-CD5A-428F-BDF9-AE28487B4027}.Debug|Any CPU.ActiveCfg = Debug|Any CPU
		{D343A204-CD5A-428F-BDF9-AE28487B4027}.Debug|Any CPU.Build.0 = Debug|Any CPU
		{D343A204-CD5A-428F-BDF9-AE28487B4027}.Release|Any CPU.ActiveCfg = Release|Any CPU
		{D343A204-CD5A-428F-BDF9-AE28487B4027}.Release|Any CPU.Build.0 = Release|Any CPU
		{6D7CA8A4-9086-401C-9DBD-A7E59AFECA7B}.Debug|Any CPU.ActiveCfg = Debug|Any CPU
		{6D7CA8A4-9086-401C-9DBD-A7E59AFECA7B}.Debug|Any CPU.Build.0 = Debug|Any CPU
		{6D7CA8A4-9086-401C-9DBD-A7E59AFECA7B}.Release|Any CPU.ActiveCfg = Release|Any CPU
		{6D7CA8A4-9086-401C-9DBD-A7E59AFECA7B}.Release|Any CPU.Build.0 = Release|Any CPU
	EndGlobalSection
	GlobalSection(SolutionProperties) = preSolution
		HideSolutionNode = FALSE
	EndGlobalSection
EndGlobal
